
Microsoft Visual Studio Solution File, Format Version 12.00
# Visual Studio Version 16
VisualStudioVersion = 16.0.30517.126
MinimumVisualStudioVersion = 10.0.40219.1
Project("{9A19103F-16F7-4668-BE54-9A1E7A4F7556}") = "EAudit", "EAudit.csproj", "{95942F1B-D2F1-474C-A49C-6D8049B12CD8}"
EndProject
Global
	GlobalSection(SolutionConfigurationPlatforms) = preSolution
		Debug|Any CPU = Debug|Any CPU
		Release|Any CPU = Release|Any CPU
	EndGlobalSection
	GlobalSection(ProjectConfigurationPlatforms) = postSolution
		{95942F1B-D2F1-474C-A49C-6D8049B12CD8}.Debug|Any CPU.ActiveCfg = Debug|Any CPU
		{95942F1B-D2F1-474C-A49C-6D8049B12CD8}.Debug|Any CPU.Build.0 = Debug|Any CPU
		{95942F1B-D2F1-474C-A49C-6D8049B12CD8}.Release|Any CPU.ActiveCfg = Release|Any CPU
		{95942F1B-D2F1-474C-A49C-6D8049B12CD8}.Release|Any CPU.Build.0 = Release|Any CPU
	EndGlobalSection
	GlobalSection(SolutionProperties) = preSolution
		HideSolutionNode = FALSE
	EndGlobalSection
	GlobalSection(ExtensibilityGlobals) = postSolution
		SolutionGuid = {EDF5AE81-DFF4-40B9-A749-9EE41AD9E41E}
	EndGlobalSection
EndGlobal
